
Microsoft Visual Studio Solution File, Format Version 12.00
# Visual Studio Version 17
VisualStudioVersion = 17.2.32630.192
MinimumVisualStudioVersion = 10.0.40219.1
Project("{9A19103F-16F7-4668-BE54-9A1E7A4F7556}") = "R5T.T0243", "R5T.T0243\R5T.T0243.csproj", "{642949B6-4EEB-4F60-953C-EA4BFA17F3A6}"
EndProject
Project("{2150E333-8FDC-42A3-9474-1A3956D46DE8}") = "_Dependencies", "_Dependencies", "{25F6DB8D-E273-4D66-BB53-A7BA9C42AF83}"
EndProject
Project("{9A19103F-16F7-4668-BE54-9A1E7A4F7556}") = "R5T.T0143", "..\..\R5T.T0143\source\R5T.T0143\R5T.T0143.csproj", "{37192609-6E05-468D-B00A-A754A1923D08}"
EndProject
Global
	GlobalSection(NestedProjects) = preSolution
		{37192609-6E05-468D-B00A-A754A1923D08} = {25F6DB8D-E273-4D66-BB53-A7BA9C42AF83}
	EndGlobalSection
	GlobalSection(SolutionConfigurationPlatforms) = preSolution
		Debug|Any CPU = Debug|Any CPU
		Release|Any CPU = Release|Any CPU
	EndGlobalSection
	GlobalSection(ProjectConfigurationPlatforms) = postSolution
		{642949B6-4EEB-4F60-953C-EA4BFA17F3A6}.Debug|Any CPU.ActiveCfg = Debug|Any CPU
		{642949B6-4EEB-4F60-953C-EA4BFA17F3A6}.Debug|Any CPU.Build.0 = Debug|Any CPU
		{642949B6-4EEB-4F60-953C-EA4BFA17F3A6}.Release|Any CPU.ActiveCfg = Release|Any CPU
		{642949B6-4EEB-4F60-953C-EA4BFA17F3A6}.Release|Any CPU.Build.0 = Release|Any CPU
		{37192609-6E05-468D-B00A-A754A1923D08}.Debug|Any CPU.ActiveCfg = Debug|Any CPU
		{37192609-6E05-468D-B00A-A754A1923D08}.Debug|Any CPU.Build.0 = Debug|Any CPU
		{37192609-6E05-468D-B00A-A754A1923D08}.Release|Any CPU.ActiveCfg = Release|Any CPU
		{37192609-6E05-468D-B00A-A754A1923D08}.Release|Any CPU.Build.0 = Release|Any CPU
	EndGlobalSection
	GlobalSection(SolutionProperties) = preSolution
		HideSolutionNode = FALSE
	EndGlobalSection
	GlobalSection(ExtensibilityGlobals) = postSolution
		SolutionGuid = {06C2171A-0FB2-4B01-AD77-4CF472812ACF}
	EndGlobalSection
EndGlobal
